// !$*UTF8*$!
{
	archiveVersion = 1;
	classes = {
	};
	objectVersion = 48;
	objects = {

/* Begin PBXBuildFile section */
		5CD96A6B8ADC4944B1825212 /* libPods-DoggieMorningTests.a in Frameworks */ = {isa = PBXBuildFile; fileRef = DC1C6921C7DC976D687AA634 /* libPods-DoggieMorningTests.a */; };
		695489881F35CD3467BB7090 /* libPods-DoggieMorning.a in Frameworks */ = {isa = PBXBuildFile; fileRef = E7C54C4588469AE6C9CA2395 /* libPods-DoggieMorning.a */; };
		832932051FB2953F00D626FA /* PersistenceService.m in Sources */ = {isa = PBXBuildFile; fileRef = 832932041FB2953F00D626FA /* PersistenceService.m */; };
		833BE73A1FAEDCF5007496F0 /* AppDelegate.m in Sources */ = {isa = PBXBuildFile; fileRef = 833BE7391FAEDCF5007496F0 /* AppDelegate.m */; };
		833BE7401FAEDCF5007496F0 /* Main.storyboard in Resources */ = {isa = PBXBuildFile; fileRef = 833BE73E1FAEDCF5007496F0 /* Main.storyboard */; };
		833BE7431FAEDCF5007496F0 /* DoggieMorning.xcdatamodeld in Sources */ = {isa = PBXBuildFile; fileRef = 833BE7411FAEDCF5007496F0 /* DoggieMorning.xcdatamodeld */; };
		833BE7451FAEDCF5007496F0 /* Assets.xcassets in Resources */ = {isa = PBXBuildFile; fileRef = 833BE7441FAEDCF5007496F0 /* Assets.xcassets */; };
		833BE7481FAEDCF5007496F0 /* LaunchScreen.storyboard in Resources */ = {isa = PBXBuildFile; fileRef = 833BE7461FAEDCF5007496F0 /* LaunchScreen.storyboard */; };
		833BE74B1FAEDCF5007496F0 /* main.m in Sources */ = {isa = PBXBuildFile; fileRef = 833BE74A1FAEDCF5007496F0 /* main.m */; };
		833BE7551FAEDCF6007496F0 /* DoggieMorningTests.m in Sources */ = {isa = PBXBuildFile; fileRef = 833BE7541FAEDCF6007496F0 /* DoggieMorningTests.m */; };
		833BE7611FAEE64E007496F0 /* Dog.m in Sources */ = {isa = PBXBuildFile; fileRef = 833BE7601FAEE64E007496F0 /* Dog.m */; };
		833BE7661FAEEA8F007496F0 /* DogDataSource.m in Sources */ = {isa = PBXBuildFile; fileRef = 833BE7651FAEEA8F007496F0 /* DogDataSource.m */; };
		833BE76A1FAFEC3C007496F0 /* DMPhotoWebService.m in Sources */ = {isa = PBXBuildFile; fileRef = 833BE7691FAFEC3C007496F0 /* DMPhotoWebService.m */; };
		833BE76E1FB0C809007496F0 /* DMDogsViewController.m in Sources */ = {isa = PBXBuildFile; fileRef = 833BE76D1FB0C809007496F0 /* DMDogsViewController.m */; };
		833BE7721FB0D4FB007496F0 /* DMDogCell.m in Sources */ = {isa = PBXBuildFile; fileRef = 833BE7711FB0D4FB007496F0 /* DMDogCell.m */; };
		83A6F8211FB27A630085B745 /* DMHistoryViewController.m in Sources */ = {isa = PBXBuildFile; fileRef = 83A6F8201FB27A630085B745 /* DMHistoryViewController.m */; };
		83A6F8241FB27BD10085B745 /* DMDogHistoryCell.m in Sources */ = {isa = PBXBuildFile; fileRef = 83A6F8231FB27BD10085B745 /* DMDogHistoryCell.m */; };
		83CE784D1FB2F9680056B9A6 /* Alert.m in Sources */ = {isa = PBXBuildFile; fileRef = 83CE784C1FB2F9680056B9A6 /* Alert.m */; };
/* End PBXBuildFile section */

/* Begin PBXContainerItemProxy section */
		833BE7511FAEDCF6007496F0 /* PBXContainerItemProxy */ = {
			isa = PBXContainerItemProxy;
			containerPortal = 833BE72D1FAEDCF5007496F0 /* Project object */;
			proxyType = 1;
			remoteGlobalIDString = 833BE7341FAEDCF5007496F0;
			remoteInfo = DoggieMorning;
		};
/* End PBXContainerItemProxy section */

/* Begin PBXFileReference section */
		3BE1B375987262B13D185294 /* Pods-DoggieMorningTests.release.xcconfig */ = {isa = PBXFileReference; includeInIndex = 1; lastKnownFileType = text.xcconfig; name = "Pods-DoggieMorningTests.release.xcconfig"; path = "Pods/Target Support Files/Pods-DoggieMorningTests/Pods-DoggieMorningTests.release.xcconfig"; sourceTree = "<group>"; };
		832932031FB2953F00D626FA /* PersistenceService.h */ = {isa = PBXFileReference; lastKnownFileType = sourcecode.c.h; path = PersistenceService.h; sourceTree = "<group>"; };
		832932041FB2953F00D626FA /* PersistenceService.m */ = {isa = PBXFileReference; lastKnownFileType = sourcecode.c.objc; path = PersistenceService.m; sourceTree = "<group>"; };
		833BE7351FAEDCF5007496F0 /* DoggieMorning.app */ = {isa = PBXFileReference; explicitFileType = wrapper.application; includeInIndex = 0; path = DoggieMorning.app; sourceTree = BUILT_PRODUCTS_DIR; };
		833BE7381FAEDCF5007496F0 /* AppDelegate.h */ = {isa = PBXFileReference; lastKnownFileType = sourcecode.c.h; path = AppDelegate.h; sourceTree = "<group>"; };
		833BE7391FAEDCF5007496F0 /* AppDelegate.m */ = {isa = PBXFileReference; lastKnownFileType = sourcecode.c.objc; path = AppDelegate.m; sourceTree = "<group>"; };
		833BE73F1FAEDCF5007496F0 /* Base */ = {isa = PBXFileReference; lastKnownFileType = file.storyboard; name = Base; path = Base.lproj/Main.storyboard; sourceTree = "<group>"; };
		833BE7421FAEDCF5007496F0 /* DoggieMorning.xcdatamodel */ = {isa = PBXFileReference; lastKnownFileType = wrapper.xcdatamodel; path = DoggieMorning.xcdatamodel; sourceTree = "<group>"; };
		833BE7441FAEDCF5007496F0 /* Assets.xcassets */ = {isa = PBXFileReference; lastKnownFileType = folder.assetcatalog; path = Assets.xcassets; sourceTree = "<group>"; };
		833BE7471FAEDCF5007496F0 /* Base */ = {isa = PBXFileReference; lastKnownFileType = file.storyboard; name = Base; path = Base.lproj/LaunchScreen.storyboard; sourceTree = "<group>"; };
		833BE7491FAEDCF5007496F0 /* Info.plist */ = {isa = PBXFileReference; lastKnownFileType = text.plist.xml; path = Info.plist; sourceTree = "<group>"; };
		833BE74A1FAEDCF5007496F0 /* main.m */ = {isa = PBXFileReference; lastKnownFileType = sourcecode.c.objc; path = main.m; sourceTree = "<group>"; };
		833BE7501FAEDCF6007496F0 /* DoggieMorningTests.xctest */ = {isa = PBXFileReference; explicitFileType = wrapper.cfbundle; includeInIndex = 0; path = DoggieMorningTests.xctest; sourceTree = BUILT_PRODUCTS_DIR; };
		833BE7541FAEDCF6007496F0 /* DoggieMorningTests.m */ = {isa = PBXFileReference; lastKnownFileType = sourcecode.c.objc; path = DoggieMorningTests.m; sourceTree = "<group>"; };
		833BE7561FAEDCF6007496F0 /* Info.plist */ = {isa = PBXFileReference; lastKnownFileType = text.plist.xml; path = Info.plist; sourceTree = "<group>"; };
		833BE75F1FAEE64E007496F0 /* Dog.h */ = {isa = PBXFileReference; lastKnownFileType = sourcecode.c.h; path = Dog.h; sourceTree = "<group>"; };
		833BE7601FAEE64E007496F0 /* Dog.m */ = {isa = PBXFileReference; lastKnownFileType = sourcecode.c.objc; path = Dog.m; sourceTree = "<group>"; };
		833BE7641FAEEA8F007496F0 /* DogDataSource.h */ = {isa = PBXFileReference; lastKnownFileType = sourcecode.c.h; path = DogDataSource.h; sourceTree = "<group>"; };
		833BE7651FAEEA8F007496F0 /* DogDataSource.m */ = {isa = PBXFileReference; lastKnownFileType = sourcecode.c.objc; path = DogDataSource.m; sourceTree = "<group>"; };
		833BE7681FAFEC3C007496F0 /* DMPhotoWebService.h */ = {isa = PBXFileReference; lastKnownFileType = sourcecode.c.h; path = DMPhotoWebService.h; sourceTree = "<group>"; };
		833BE7691FAFEC3C007496F0 /* DMPhotoWebService.m */ = {isa = PBXFileReference; lastKnownFileType = sourcecode.c.objc; path = DMPhotoWebService.m; sourceTree = "<group>"; };
		833BE76C1FB0C809007496F0 /* DMDogsViewController.h */ = {isa = PBXFileReference; lastKnownFileType = sourcecode.c.h; path = DMDogsViewController.h; sourceTree = "<group>"; };
		833BE76D1FB0C809007496F0 /* DMDogsViewController.m */ = {isa = PBXFileReference; lastKnownFileType = sourcecode.c.objc; path = DMDogsViewController.m; sourceTree = "<group>"; };
		833BE7701FB0D4FB007496F0 /* DMDogCell.h */ = {isa = PBXFileReference; lastKnownFileType = sourcecode.c.h; path = DMDogCell.h; sourceTree = "<group>"; };
		833BE7711FB0D4FB007496F0 /* DMDogCell.m */ = {isa = PBXFileReference; lastKnownFileType = sourcecode.c.objc; path = DMDogCell.m; sourceTree = "<group>"; };
		83A6F81F1FB27A630085B745 /* DMHistoryViewController.h */ = {isa = PBXFileReference; lastKnownFileType = sourcecode.c.h; path = DMHistoryViewController.h; sourceTree = "<group>"; };
		83A6F8201FB27A630085B745 /* DMHistoryViewController.m */ = {isa = PBXFileReference; lastKnownFileType = sourcecode.c.objc; path = DMHistoryViewController.m; sourceTree = "<group>"; };
		83A6F8221FB27BD10085B745 /* DMDogHistoryCell.h */ = {isa = PBXFileReference; lastKnownFileType = sourcecode.c.h; path = DMDogHistoryCell.h; sourceTree = "<group>"; };
		83A6F8231FB27BD10085B745 /* DMDogHistoryCell.m */ = {isa = PBXFileReference; lastKnownFileType = sourcecode.c.objc; path = DMDogHistoryCell.m; sourceTree = "<group>"; };
		83CE784B1FB2F9680056B9A6 /* Alert.h */ = {isa = PBXFileReference; fileEncoding = 4; lastKnownFileType = sourcecode.c.h; name = Alert.h; path = "../../../../Downloads/Alert-master/AlertDemo/Alert/Alert.h"; sourceTree = "<group>"; };
		83CE784C1FB2F9680056B9A6 /* Alert.m */ = {isa = PBXFileReference; fileEncoding = 4; lastKnownFileType = sourcecode.c.objc; name = Alert.m; path = "../../../../Downloads/Alert-master/AlertDemo/Alert/Alert.m"; sourceTree = "<group>"; };
		923DA5B6CD94D65D8EC94C3C /* Pods-DoggieMorning.release.xcconfig */ = {isa = PBXFileReference; includeInIndex = 1; lastKnownFileType = text.xcconfig; name = "Pods-DoggieMorning.release.xcconfig"; path = "Pods/Target Support Files/Pods-DoggieMorning/Pods-DoggieMorning.release.xcconfig"; sourceTree = "<group>"; };
		994DF81EED9ED338FF6C920B /* Pods-DoggieMorningTests.debug.xcconfig */ = {isa = PBXFileReference; includeInIndex = 1; lastKnownFileType = text.xcconfig; name = "Pods-DoggieMorningTests.debug.xcconfig"; path = "Pods/Target Support Files/Pods-DoggieMorningTests/Pods-DoggieMorningTests.debug.xcconfig"; sourceTree = "<group>"; };
		BFE50F3BEC92664BBCE44781 /* Pods-DoggieMorning.debug.xcconfig */ = {isa = PBXFileReference; includeInIndex = 1; lastKnownFileType = text.xcconfig; name = "Pods-DoggieMorning.debug.xcconfig"; path = "Pods/Target Support Files/Pods-DoggieMorning/Pods-DoggieMorning.debug.xcconfig"; sourceTree = "<group>"; };
		DC1C6921C7DC976D687AA634 /* libPods-DoggieMorningTests.a */ = {isa = PBXFileReference; explicitFileType = archive.ar; includeInIndex = 0; path = "libPods-DoggieMorningTests.a"; sourceTree = BUILT_PRODUCTS_DIR; };
		E7C54C4588469AE6C9CA2395 /* libPods-DoggieMorning.a */ = {isa = PBXFileReference; explicitFileType = archive.ar; includeInIndex = 0; path = "libPods-DoggieMorning.a"; sourceTree = BUILT_PRODUCTS_DIR; };
/* End PBXFileReference section */

/* Begin PBXFrameworksBuildPhase section */
		833BE7321FAEDCF5007496F0 /* Frameworks */ = {
			isa = PBXFrameworksBuildPhase;
			buildActionMask = 2147483647;
			files = (
				695489881F35CD3467BB7090 /* libPods-DoggieMorning.a in Frameworks */,
			);
			runOnlyForDeploymentPostprocessing = 0;
		};
		833BE74D1FAEDCF6007496F0 /* Frameworks */ = {
			isa = PBXFrameworksBuildPhase;
			buildActionMask = 2147483647;
			files = (
				5CD96A6B8ADC4944B1825212 /* libPods-DoggieMorningTests.a in Frameworks */,
			);
			runOnlyForDeploymentPostprocessing = 0;
		};
/* End PBXFrameworksBuildPhase section */

/* Begin PBXGroup section */
		0F070D801F38FC05FB05AACF /* Frameworks */ = {
			isa = PBXGroup;
			children = (
				E7C54C4588469AE6C9CA2395 /* libPods-DoggieMorning.a */,
				DC1C6921C7DC976D687AA634 /* libPods-DoggieMorningTests.a */,
			);
			name = Frameworks;
			sourceTree = "<group>";
		};
		833BE72C1FAEDCF5007496F0 = {
			isa = PBXGroup;
			children = (
				83CE784B1FB2F9680056B9A6 /* Alert.h */,
				83CE784C1FB2F9680056B9A6 /* Alert.m */,
				833BE76B1FB0C7D1007496F0 /* ViewControllers */,
				833BE76F1FB0D4D2007496F0 /* UI */,
				833BE7621FAEE658007496F0 /* Models */,
				833BE7631FAEEA67007496F0 /* DataSources */,
				833BE7671FAFEC10007496F0 /* Services */,
				833BE7371FAEDCF5007496F0 /* DoggieMorning */,
				833BE7531FAEDCF6007496F0 /* DoggieMorningTests */,
				833BE7361FAEDCF5007496F0 /* Products */,
				E067BBCE440513C579E97AAB /* Pods */,
				0F070D801F38FC05FB05AACF /* Frameworks */,
			);
			sourceTree = "<group>";
		};
		833BE7361FAEDCF5007496F0 /* Products */ = {
			isa = PBXGroup;
			children = (
				833BE7351FAEDCF5007496F0 /* DoggieMorning.app */,
				833BE7501FAEDCF6007496F0 /* DoggieMorningTests.xctest */,
			);
			name = Products;
			sourceTree = "<group>";
		};
		833BE7371FAEDCF5007496F0 /* DoggieMorning */ = {
			isa = PBXGroup;
			children = (
				833BE7381FAEDCF5007496F0 /* AppDelegate.h */,
				833BE7391FAEDCF5007496F0 /* AppDelegate.m */,
				833BE73E1FAEDCF5007496F0 /* Main.storyboard */,
				833BE7441FAEDCF5007496F0 /* Assets.xcassets */,
				833BE7461FAEDCF5007496F0 /* LaunchScreen.storyboard */,
				833BE7491FAEDCF5007496F0 /* Info.plist */,
				833BE74A1FAEDCF5007496F0 /* main.m */,
				833BE7411FAEDCF5007496F0 /* DoggieMorning.xcdatamodeld */,
			);
			path = DoggieMorning;
			sourceTree = "<group>";
		};
		833BE7531FAEDCF6007496F0 /* DoggieMorningTests */ = {
			isa = PBXGroup;
			children = (
				833BE7541FAEDCF6007496F0 /* DoggieMorningTests.m */,
				833BE7561FAEDCF6007496F0 /* Info.plist */,
			);
			path = DoggieMorningTests;
			sourceTree = "<group>";
		};
		833BE7621FAEE658007496F0 /* Models */ = {
			isa = PBXGroup;
			children = (
				833BE75F1FAEE64E007496F0 /* Dog.h */,
				833BE7601FAEE64E007496F0 /* Dog.m */,
			);
			path = Models;
			sourceTree = "<group>";
		};
		833BE7631FAEEA67007496F0 /* DataSources */ = {
			isa = PBXGroup;
			children = (
				833BE7641FAEEA8F007496F0 /* DogDataSource.h */,
				833BE7651FAEEA8F007496F0 /* DogDataSource.m */,
			);
			path = DataSources;
			sourceTree = "<group>";
		};
		833BE7671FAFEC10007496F0 /* Services */ = {
			isa = PBXGroup;
			children = (
				833BE7681FAFEC3C007496F0 /* DMPhotoWebService.h */,
				833BE7691FAFEC3C007496F0 /* DMPhotoWebService.m */,
				832932031FB2953F00D626FA /* PersistenceService.h */,
				832932041FB2953F00D626FA /* PersistenceService.m */,
			);
			path = Services;
			sourceTree = "<group>";
		};
		833BE76B1FB0C7D1007496F0 /* ViewControllers */ = {
			isa = PBXGroup;
			children = (
				833BE76C1FB0C809007496F0 /* DMDogsViewController.h */,
				833BE76D1FB0C809007496F0 /* DMDogsViewController.m */,
				83A6F81F1FB27A630085B745 /* DMHistoryViewController.h */,
				83A6F8201FB27A630085B745 /* DMHistoryViewController.m */,
			);
			path = ViewControllers;
			sourceTree = "<group>";
		};
		833BE76F1FB0D4D2007496F0 /* UI */ = {
			isa = PBXGroup;
			children = (
				833BE7701FB0D4FB007496F0 /* DMDogCell.h */,
				833BE7711FB0D4FB007496F0 /* DMDogCell.m */,
				83A6F8221FB27BD10085B745 /* DMDogHistoryCell.h */,
				83A6F8231FB27BD10085B745 /* DMDogHistoryCell.m */,
			);
			path = UI;
			sourceTree = "<group>";
		};
		E067BBCE440513C579E97AAB /* Pods */ = {
			isa = PBXGroup;
			children = (
				BFE50F3BEC92664BBCE44781 /* Pods-DoggieMorning.debug.xcconfig */,
				923DA5B6CD94D65D8EC94C3C /* Pods-DoggieMorning.release.xcconfig */,
				994DF81EED9ED338FF6C920B /* Pods-DoggieMorningTests.debug.xcconfig */,
				3BE1B375987262B13D185294 /* Pods-DoggieMorningTests.release.xcconfig */,
			);
			name = Pods;
			sourceTree = "<group>";
		};
/* End PBXGroup section */

/* Begin PBXNativeTarget section */
		833BE7341FAEDCF5007496F0 /* DoggieMorning */ = {
			isa = PBXNativeTarget;
			buildConfigurationList = 833BE7591FAEDCF6007496F0 /* Build configuration list for PBXNativeTarget "DoggieMorning" */;
			buildPhases = (
				0E59A694635DA78FFFAD790F /* [CP] Check Pods Manifest.lock */,
				833BE7311FAEDCF5007496F0 /* Sources */,
				833BE7321FAEDCF5007496F0 /* Frameworks */,
				833BE7331FAEDCF5007496F0 /* Resources */,
				B59A8DA3D07FCC0B4E39CE90 /* [CP] Embed Pods Frameworks */,
				C6798504B7BBEC7D02085B06 /* [CP] Copy Pods Resources */,
			);
			buildRules = (
			);
			dependencies = (
			);
			name = DoggieMorning;
			productName = DoggieMorning;
			productReference = 833BE7351FAEDCF5007496F0 /* DoggieMorning.app */;
			productType = "com.apple.product-type.application";
		};
		833BE74F1FAEDCF6007496F0 /* DoggieMorningTests */ = {
			isa = PBXNativeTarget;
			buildConfigurationList = 833BE75C1FAEDCF6007496F0 /* Build configuration list for PBXNativeTarget "DoggieMorningTests" */;
			buildPhases = (
				62C5FE0994D7FAA50F997DD6 /* [CP] Check Pods Manifest.lock */,
				833BE74C1FAEDCF6007496F0 /* Sources */,
				833BE74D1FAEDCF6007496F0 /* Frameworks */,
				833BE74E1FAEDCF6007496F0 /* Resources */,
				0F16E5587C2099D842DA0103 /* [CP] Embed Pods Frameworks */,
				E69C270A9A4D5C821B77799A /* [CP] Copy Pods Resources */,
			);
			buildRules = (
			);
			dependencies = (
				833BE7521FAEDCF6007496F0 /* PBXTargetDependency */,
			);
			name = DoggieMorningTests;
			productName = DoggieMorningTests;
			productReference = 833BE7501FAEDCF6007496F0 /* DoggieMorningTests.xctest */;
			productType = "com.apple.product-type.bundle.unit-test";
		};
/* End PBXNativeTarget section */

/* Begin PBXProject section */
		833BE72D1FAEDCF5007496F0 /* Project object */ = {
			isa = PBXProject;
			attributes = {
				LastUpgradeCheck = 0900;
				ORGANIZATIONNAME = "Rajive Jain";
				TargetAttributes = {
					833BE7341FAEDCF5007496F0 = {
						CreatedOnToolsVersion = 9.0;
						ProvisioningStyle = Automatic;
					};
					833BE74F1FAEDCF6007496F0 = {
						CreatedOnToolsVersion = 9.0;
						ProvisioningStyle = Automatic;
						TestTargetID = 833BE7341FAEDCF5007496F0;
					};
				};
			};
			buildConfigurationList = 833BE7301FAEDCF5007496F0 /* Build configuration list for PBXProject "DoggieMorning" */;
			compatibilityVersion = "Xcode 8.0";
			developmentRegion = en;
			hasScannedForEncodings = 0;
			knownRegions = (
				en,
				Base,
			);
			mainGroup = 833BE72C1FAEDCF5007496F0;
			productRefGroup = 833BE7361FAEDCF5007496F0 /* Products */;
			projectDirPath = "";
			projectRoot = "";
			targets = (
				833BE7341FAEDCF5007496F0 /* DoggieMorning */,
				833BE74F1FAEDCF6007496F0 /* DoggieMorningTests */,
			);
		};
/* End PBXProject section */

/* Begin PBXResourcesBuildPhase section */
		833BE7331FAEDCF5007496F0 /* Resources */ = {
			isa = PBXResourcesBuildPhase;
			buildActionMask = 2147483647;
			files = (
				833BE7481FAEDCF5007496F0 /* LaunchScreen.storyboard in Resources */,
				833BE7451FAEDCF5007496F0 /* Assets.xcassets in Resources */,
				833BE7401FAEDCF5007496F0 /* Main.storyboard in Resources */,
			);
			runOnlyForDeploymentPostprocessing = 0;
		};
		833BE74E1FAEDCF6007496F0 /* Resources */ = {
			isa = PBXResourcesBuildPhase;
			buildActionMask = 2147483647;
			files = (
			);
			runOnlyForDeploymentPostprocessing = 0;
		};
/* End PBXResourcesBuildPhase section */

/* Begin PBXShellScriptBuildPhase section */
		0E59A694635DA78FFFAD790F /* [CP] Check Pods Manifest.lock */ = {
			isa = PBXShellScriptBuildPhase;
			buildActionMask = 2147483647;
			files = (
			);
			inputPaths = (
			);
			name = "[CP] Check Pods Manifest.lock";
			outputPaths = (
			);
			runOnlyForDeploymentPostprocessing = 0;
			shellPath = /bin/sh;
			shellScript = "diff \"${PODS_PODFILE_DIR_PATH}/Podfile.lock\" \"${PODS_ROOT}/Manifest.lock\" > /dev/null\nif [ $? != 0 ] ; then\n    # print error to STDERR\n    echo \"error: The sandbox is not in sync with the Podfile.lock. Run 'pod install' or update your CocoaPods installation.\" >&2\n    exit 1\nfi\n";
			showEnvVarsInLog = 0;
		};
		0F16E5587C2099D842DA0103 /* [CP] Embed Pods Frameworks */ = {
			isa = PBXShellScriptBuildPhase;
			buildActionMask = 2147483647;
			files = (
			);
			inputPaths = (
			);
			name = "[CP] Embed Pods Frameworks";
			outputPaths = (
			);
			runOnlyForDeploymentPostprocessing = 0;
			shellPath = /bin/sh;
			shellScript = "\"${SRCROOT}/Pods/Target Support Files/Pods-DoggieMorningTests/Pods-DoggieMorningTests-frameworks.sh\"\n";
			showEnvVarsInLog = 0;
		};
		62C5FE0994D7FAA50F997DD6 /* [CP] Check Pods Manifest.lock */ = {
			isa = PBXShellScriptBuildPhase;
			buildActionMask = 2147483647;
			files = (
			);
			inputPaths = (
			);
			name = "[CP] Check Pods Manifest.lock";
			outputPaths = (
			);
			runOnlyForDeploymentPostprocessing = 0;
			shellPath = /bin/sh;
			shellScript = "diff \"${PODS_PODFILE_DIR_PATH}/Podfile.lock\" \"${PODS_ROOT}/Manifest.lock\" > /dev/null\nif [ $? != 0 ] ; then\n    # print error to STDERR\n    echo \"error: The sandbox is not in sync with the Podfile.lock. Run 'pod install' or update your CocoaPods installation.\" >&2\n    exit 1\nfi\n";
			showEnvVarsInLog = 0;
		};
		B59A8DA3D07FCC0B4E39CE90 /* [CP] Embed Pods Frameworks */ = {
			isa = PBXShellScriptBuildPhase;
			buildActionMask = 2147483647;
			files = (
			);
			inputPaths = (
			);
			name = "[CP] Embed Pods Frameworks";
			outputPaths = (
			);
			runOnlyForDeploymentPostprocessing = 0;
			shellPath = /bin/sh;
			shellScript = "\"${SRCROOT}/Pods/Target Support Files/Pods-DoggieMorning/Pods-DoggieMorning-frameworks.sh\"\n";
			showEnvVarsInLog = 0;
		};
		C6798504B7BBEC7D02085B06 /* [CP] Copy Pods Resources */ = {
			isa = PBXShellScriptBuildPhase;
			buildActionMask = 2147483647;
			files = (
			);
			inputPaths = (
			);
			name = "[CP] Copy Pods Resources";
			outputPaths = (
			);
			runOnlyForDeploymentPostprocessing = 0;
			shellPath = /bin/sh;
			shellScript = "\"${SRCROOT}/Pods/Target Support Files/Pods-DoggieMorning/Pods-DoggieMorning-resources.sh\"\n";
			showEnvVarsInLog = 0;
		};
		E69C270A9A4D5C821B77799A /* [CP] Copy Pods Resources */ = {
			isa = PBXShellScriptBuildPhase;
			buildActionMask = 2147483647;
			files = (
			);
			inputPaths = (
			);
			name = "[CP] Copy Pods Resources";
			outputPaths = (
			);
			runOnlyForDeploymentPostprocessing = 0;
			shellPath = /bin/sh;
			shellScript = "\"${SRCROOT}/Pods/Target Support Files/Pods-DoggieMorningTests/Pods-DoggieMorningTests-resources.sh\"\n";
			showEnvVarsInLog = 0;
		};
/* End PBXShellScriptBuildPhase section */

/* Begin PBXSourcesBuildPhase section */
		833BE7311FAEDCF5007496F0 /* Sources */ = {
			isa = PBXSourcesBuildPhase;
			buildActionMask = 2147483647;
			files = (
				833BE73A1FAEDCF5007496F0 /* AppDelegate.m in Sources */,
				833BE7721FB0D4FB007496F0 /* DMDogCell.m in Sources */,
				833BE74B1FAEDCF5007496F0 /* main.m in Sources */,
				833BE76A1FAFEC3C007496F0 /* DMPhotoWebService.m in Sources */,
				83A6F8241FB27BD10085B745 /* DMDogHistoryCell.m in Sources */,
				833BE76E1FB0C809007496F0 /* DMDogsViewController.m in Sources */,
				83CE784D1FB2F9680056B9A6 /* Alert.m in Sources */,
				833BE7661FAEEA8F007496F0 /* DogDataSource.m in Sources */,
				83A6F8211FB27A630085B745 /* DMHistoryViewController.m in Sources */,
				833BE7611FAEE64E007496F0 /* Dog.m in Sources */,
				833BE7431FAEDCF5007496F0 /* DoggieMorning.xcdatamodeld in Sources */,
				832932051FB2953F00D626FA /* PersistenceService.m in Sources */,
			);
			runOnlyForDeploymentPostprocessing = 0;
		};
		833BE74C1FAEDCF6007496F0 /* Sources */ = {
			isa = PBXSourcesBuildPhase;
			buildActionMask = 2147483647;
			files = (
				833BE7551FAEDCF6007496F0 /* DoggieMorningTests.m in Sources */,
			);
			runOnlyForDeploymentPostprocessing = 0;
		};
/* End PBXSourcesBuildPhase section */

/* Begin PBXTargetDependency section */
		833BE7521FAEDCF6007496F0 /* PBXTargetDependency */ = {
			isa = PBXTargetDependency;
			target = 833BE7341FAEDCF5007496F0 /* DoggieMorning */;
			targetProxy = 833BE7511FAEDCF6007496F0 /* PBXContainerItemProxy */;
		};
/* End PBXTargetDependency section */

/* Begin PBXVariantGroup section */
		833BE73E1FAEDCF5007496F0 /* Main.storyboard */ = {
			isa = PBXVariantGroup;
			children = (
				833BE73F1FAEDCF5007496F0 /* Base */,
			);
			name = Main.storyboard;
			sourceTree = "<group>";
		};
		833BE7461FAEDCF5007496F0 /* LaunchScreen.storyboard */ = {
			isa = PBXVariantGroup;
			children = (
				833BE7471FAEDCF5007496F0 /* Base */,
			);
			name = LaunchScreen.storyboard;
			sourceTree = "<group>";
		};
/* End PBXVariantGroup section */

/* Begin XCBuildConfiguration section */
		833BE7571FAEDCF6007496F0 /* Debug */ = {
			isa = XCBuildConfiguration;
			buildSettings = {
				ALWAYS_SEARCH_USER_PATHS = NO;
				CLANG_ANALYZER_NONNULL = YES;
				CLANG_ANALYZER_NUMBER_OBJECT_CONVERSION = YES_AGGRESSIVE;
				CLANG_CXX_LANGUAGE_STANDARD = "gnu++14";
				CLANG_CXX_LIBRARY = "libc++";
				CLANG_ENABLE_MODULES = YES;
				CLANG_ENABLE_OBJC_ARC = YES;
				CLANG_WARN_BLOCK_CAPTURE_AUTORELEASING = YES;
				CLANG_WARN_BOOL_CONVERSION = YES;
				CLANG_WARN_COMMA = YES;
				CLANG_WARN_CONSTANT_CONVERSION = YES;
				CLANG_WARN_DIRECT_OBJC_ISA_USAGE = YES_ERROR;
				CLANG_WARN_DOCUMENTATION_COMMENTS = YES;
				CLANG_WARN_EMPTY_BODY = YES;
				CLANG_WARN_ENUM_CONVERSION = YES;
				CLANG_WARN_INFINITE_RECURSION = YES;
				CLANG_WARN_INT_CONVERSION = YES;
				CLANG_WARN_NON_LITERAL_NULL_CONVERSION = YES;
				CLANG_WARN_OBJC_LITERAL_CONVERSION = YES;
				CLANG_WARN_OBJC_ROOT_CLASS = YES_ERROR;
				CLANG_WARN_RANGE_LOOP_ANALYSIS = YES;
				CLANG_WARN_STRICT_PROTOTYPES = YES;
				CLANG_WARN_SUSPICIOUS_MOVE = YES;
				CLANG_WARN_UNGUARDED_AVAILABILITY = YES_AGGRESSIVE;
				CLANG_WARN_UNREACHABLE_CODE = YES;
				CLANG_WARN__DUPLICATE_METHOD_MATCH = YES;
				CODE_SIGN_IDENTITY = "iPhone Developer";
				COPY_PHASE_STRIP = NO;
				DEBUG_INFORMATION_FORMAT = dwarf;
				ENABLE_STRICT_OBJC_MSGSEND = YES;
				ENABLE_TESTABILITY = YES;
				GCC_C_LANGUAGE_STANDARD = gnu11;
				GCC_DYNAMIC_NO_PIC = NO;
				GCC_NO_COMMON_BLOCKS = YES;
				GCC_OPTIMIZATION_LEVEL = 0;
				GCC_PREPROCESSOR_DEFINITIONS = (
					"DEBUG=1",
					"$(inherited)",
				);
				GCC_WARN_64_TO_32_BIT_CONVERSION = YES;
				GCC_WARN_ABOUT_RETURN_TYPE = YES_ERROR;
				GCC_WARN_UNDECLARED_SELECTOR = YES;
				GCC_WARN_UNINITIALIZED_AUTOS = YES_AGGRESSIVE;
				GCC_WARN_UNUSED_FUNCTION = YES;
				GCC_WARN_UNUSED_VARIABLE = YES;
				IPHONEOS_DEPLOYMENT_TARGET = 11.0;
				MTL_ENABLE_DEBUG_INFO = YES;
				ONLY_ACTIVE_ARCH = YES;
				SDKROOT = iphoneos;
			};
			name = Debug;
		};
		833BE7581FAEDCF6007496F0 /* Release */ = {
			isa = XCBuildConfiguration;
			buildSettings = {
				ALWAYS_SEARCH_USER_PATHS = NO;
				CLANG_ANALYZER_NONNULL = YES;
				CLANG_ANALYZER_NUMBER_OBJECT_CONVERSION = YES_AGGRESSIVE;
				CLANG_CXX_LANGUAGE_STANDARD = "gnu++14";
				CLANG_CXX_LIBRARY = "libc++";
				CLANG_ENABLE_MODULES = YES;
				CLANG_ENABLE_OBJC_ARC = YES;
				CLANG_WARN_BLOCK_CAPTURE_AUTORELEASING = YES;
				CLANG_WARN_BOOL_CONVERSION = YES;
				CLANG_WARN_COMMA = YES;
				CLANG_WARN_CONSTANT_CONVERSION = YES;
				CLANG_WARN_DIRECT_OBJC_ISA_USAGE = YES_ERROR;
				CLANG_WARN_DOCUMENTATION_COMMENTS = YES;
				CLANG_WARN_EMPTY_BODY = YES;
				CLANG_WARN_ENUM_CONVERSION = YES;
				CLANG_WARN_INFINITE_RECURSION = YES;
				CLANG_WARN_INT_CONVERSION = YES;
				CLANG_WARN_NON_LITERAL_NULL_CONVERSION = YES;
				CLANG_WARN_OBJC_LITERAL_CONVERSION = YES;
				CLANG_WARN_OBJC_ROOT_CLASS = YES_ERROR;
				CLANG_WARN_RANGE_LOOP_ANALYSIS = YES;
				CLANG_WARN_STRICT_PROTOTYPES = YES;
				CLANG_WARN_SUSPICIOUS_MOVE = YES;
				CLANG_WARN_UNGUARDED_AVAILABILITY = YES_AGGRESSIVE;
				CLANG_WARN_UNREACHABLE_CODE = YES;
				CLANG_WARN__DUPLICATE_METHOD_MATCH = YES;
				CODE_SIGN_IDENTITY = "iPhone Developer";
				COPY_PHASE_STRIP = NO;
				DEBUG_INFORMATION_FORMAT = "dwarf-with-dsym";
				ENABLE_NS_ASSERTIONS = NO;
				ENABLE_STRICT_OBJC_MSGSEND = YES;
				GCC_C_LANGUAGE_STANDARD = gnu11;
				GCC_NO_COMMON_BLOCKS = YES;
				GCC_WARN_64_TO_32_BIT_CONVERSION = YES;
				GCC_WARN_ABOUT_RETURN_TYPE = YES_ERROR;
				GCC_WARN_UNDECLARED_SELECTOR = YES;
				GCC_WARN_UNINITIALIZED_AUTOS = YES_AGGRESSIVE;
				GCC_WARN_UNUSED_FUNCTION = YES;
				GCC_WARN_UNUSED_VARIABLE = YES;
				IPHONEOS_DEPLOYMENT_TARGET = 11.0;
				MTL_ENABLE_DEBUG_INFO = NO;
				SDKROOT = iphoneos;
				VALIDATE_PRODUCT = YES;
			};
			name = Release;
		};
		833BE75A1FAEDCF6007496F0 /* Debug */ = {
			isa = XCBuildConfiguration;
			baseConfigurationReference = BFE50F3BEC92664BBCE44781 /* Pods-DoggieMorning.debug.xcconfig */;
			buildSettings = {
				ASSETCATALOG_COMPILER_APPICON_NAME = AppIcon;
				CODE_SIGN_STYLE = Automatic;
				DEVELOPMENT_TEAM = 6952L9JMSG;
				INFOPLIST_FILE = DoggieMorning/Info.plist;
				IPHONEOS_DEPLOYMENT_TARGET = 9.0;
				LD_RUNPATH_SEARCH_PATHS = "$(inherited) @executable_path/Frameworks";
				PRODUCT_BUNDLE_IDENTIFIER = com.rajivejain.com.DoggieMorning;
				PRODUCT_NAME = "$(TARGET_NAME)";
				TARGETED_DEVICE_FAMILY = "1,2";
			};
			name = Debug;
		};
		833BE75B1FAEDCF6007496F0 /* Release */ = {
			isa = XCBuildConfiguration;
			baseConfigurationReference = 923DA5B6CD94D65D8EC94C3C /* Pods-DoggieMorning.release.xcconfig */;
			buildSettings = {
				ASSETCATALOG_COMPILER_APPICON_NAME = AppIcon;
				CODE_SIGN_STYLE = Automatic;
				DEVELOPMENT_TEAM = 6952L9JMSG;
				INFOPLIST_FILE = DoggieMorning/Info.plist;
				IPHONEOS_DEPLOYMENT_TARGET = 9.0;
				LD_RUNPATH_SEARCH_PATHS = "$(inherited) @executable_path/Frameworks";
				PRODUCT_BUNDLE_IDENTIFIER = com.rajivejain.com.DoggieMorning;
				PRODUCT_NAME = "$(TARGET_NAME)";
				TARGETED_DEVICE_FAMILY = "1,2";
			};
			name = Release;
		};
		833BE75D1FAEDCF6007496F0 /* Debug */ = {
			isa = XCBuildConfiguration;
			baseConfigurationReference = 994DF81EED9ED338FF6C920B /* Pods-DoggieMorningTests.debug.xcconfig */;
			buildSettings = {
				BUNDLE_LOADER = "$(TEST_HOST)";
				CODE_SIGN_STYLE = Automatic;
				INFOPLIST_FILE = DoggieMorningTests/Info.plist;
				LD_RUNPATH_SEARCH_PATHS = "$(inherited) @executable_path/Frameworks @loader_path/Frameworks";
				PRODUCT_BUNDLE_IDENTIFIER = com.rajivejain.com.DoggieMorningTests;
				PRODUCT_NAME = "$(TARGET_NAME)";
				TARGETED_DEVICE_FAMILY = "1,2";
				TEST_HOST = "$(BUILT_PRODUCTS_DIR)/DoggieMorning.app/DoggieMorning";
			};
			name = Debug;
		};
		833BE75E1FAEDCF6007496F0 /* Release */ = {
			isa = XCBuildConfiguration;
			baseConfigurationReference = 3BE1B375987262B13D185294 /* Pods-DoggieMorningTests.release.xcconfig */;
			buildSettings = {
				BUNDLE_LOADER = "$(TEST_HOST)";
				CODE_SIGN_STYLE = Automatic;
				INFOPLIST_FILE = DoggieMorningTests/Info.plist;
				LD_RUNPATH_SEARCH_PATHS = "$(inherited) @executable_path/Frameworks @loader_path/Frameworks";
				PRODUCT_BUNDLE_IDENTIFIER = com.rajivejain.com.DoggieMorningTests;
				PRODUCT_NAME = "$(TARGET_NAME)";
				TARGETED_DEVICE_FAMILY = "1,2";
				TEST_HOST = "$(BUILT_PRODUCTS_DIR)/DoggieMorning.app/DoggieMorning";
			};
			name = Release;
		};
/* End XCBuildConfiguration section */

/* Begin XCConfigurationList section */
		833BE7301FAEDCF5007496F0 /* Build configuration list for PBXProject "DoggieMorning" */ = {
			isa = XCConfigurationList;
			buildConfigurations = (
				833BE7571FAEDCF6007496F0 /* Debug */,
				833BE7581FAEDCF6007496F0 /* Release */,
			);
			defaultConfigurationIsVisible = 0;
			defaultConfigurationName = Release;
		};
		833BE7591FAEDCF6007496F0 /* Build configuration list for PBXNativeTarget "DoggieMorning" */ = {
			isa = XCConfigurationList;
			buildConfigurations = (
				833BE75A1FAEDCF6007496F0 /* Debug */,
				833BE75B1FAEDCF6007496F0 /* Release */,
			);
			defaultConfigurationIsVisible = 0;
			defaultConfigurationName = Release;
		};
		833BE75C1FAEDCF6007496F0 /* Build configuration list for PBXNativeTarget "DoggieMorningTests" */ = {
			isa = XCConfigurationList;
			buildConfigurations = (
				833BE75D1FAEDCF6007496F0 /* Debug */,
				833BE75E1FAEDCF6007496F0 /* Release */,
			);
			defaultConfigurationIsVisible = 0;
			defaultConfigurationName = Release;
		};
/* End XCConfigurationList section */

/* Begin XCVersionGroup section */
		833BE7411FAEDCF5007496F0 /* DoggieMorning.xcdatamodeld */ = {
			isa = XCVersionGroup;
			children = (
				833BE7421FAEDCF5007496F0 /* DoggieMorning.xcdatamodel */,
			);
			currentVersion = 833BE7421FAEDCF5007496F0 /* DoggieMorning.xcdatamodel */;
			path = DoggieMorning.xcdatamodeld;
			sourceTree = "<group>";
			versionGroupType = wrapper.xcdatamodel;
		};
/* End XCVersionGroup section */
	};
	rootObject = 833BE72D1FAEDCF5007496F0 /* Project object */;
}
